schema: '2.0'
stages:
  prepare_data:
    cmd: python -m src.create_dataset
    deps:
    - path: data/raw/CMAPSSData
      hash: md5
      md5: d837c3a078121f105697ffd3a1dff232.dir
      size: 5744640
      nfiles: 3
    - path: params.yaml
      hash: md5
      md5: c98a6e7262f42e911f0811ed726beef8
      size: 180
    - path: src/config.py
      hash: md5
      md5: f4300518fa0ecc54fe65f995d73c55f1
      size: 259
    - path: src/create_dataset.py
      hash: md5
      md5: 432c435307122ac8780070f34537fd57
      size: 953
    - path: src/data/ingestion.py
      hash: md5
      md5: 4b30e5b682ea6235ece329511718316f
      size: 828
    - path: src/data/validation.py
      hash: md5
      md5: a2ae2a9788b5c9fe6af9d3b7246e7dd5
      size: 1553
    - path: src/features/build_features.py
      hash: md5
      md5: 3589add334cf78c483b814b13380379d
      size: 828
    outs:
    - path: data/processed/train_fd001_processed.csv
      hash: md5
      md5: dc22cf89e21e2d27b31311517c79de6d
      size: 3488311
  train_model:
    cmd: python -m src.models.train_model
    deps:
    - path: data/processed/train_fd001_processed.csv
      hash: md5
      md5: dc22cf89e21e2d27b31311517c79de6d
      size: 3488311
    - path: params.yaml
      hash: md5
      md5: c98a6e7262f42e911f0811ed726beef8
      size: 180
    - path: src/config.py
      hash: md5
      md5: f4300518fa0ecc54fe65f995d73c55f1
      size: 259
    - path: src/models/train_model.py
      hash: md5
      md5: 1d7ff3a7a13eaa622c361c9784c15dcf
      size: 1649
    outs:
    - path: models/random_forest_rul_model.pkl
      hash: md5
      md5: 35600e0f0df8ddedea42bdb01fc7b981
      size: 89408273
  evaluate_model:
    cmd: python -m src.evaluation.evaluate_model
    deps:
    - path: data/processed/train_fd001_processed.csv
      hash: md5
      md5: dc22cf89e21e2d27b31311517c79de6d
      size: 3488311
    - path: models/random_forest_rul_model.pkl
      hash: md5
      md5: 35600e0f0df8ddedea42bdb01fc7b981
      size: 89408273
    - path: params.yaml
      hash: md5
      md5: c98a6e7262f42e911f0811ed726beef8
      size: 180
    - path: src/config.py
      hash: md5
      md5: f4300518fa0ecc54fe65f995d73c55f1
      size: 259
    - path: src/evaluation/evaluate_model.py
      hash: md5
      md5: 6f2525a1fdd196ffef5f8dcea1310998
      size: 1612
    outs:
    - path: reports/metrics.json
      hash: md5
      md5: 66e314c16b54f3aad526828a3d36ee47
      size: 105
